
Microsoft Visual Studio Solution File, Format Version 12.00
# Visual Studio Version 17
VisualStudioVersion = 17.14.36414.22 d17.14
MinimumVisualStudioVersion = 10.0.40219.1
Project("{FAE04EC0-301F-11D3-BF4B-00C04F79EFBC}") = "Fall2025-Project1-lhle1", "Fall2025-Project1-lhle1\Fall2025-Project1-lhle1.csproj", "{A116914A-832C-4AAD-B061-178B2158673B}"
EndProject
Global
	GlobalSection(SolutionConfigurationPlatforms) = preSolution
		Debug|Any CPU = Debug|Any CPU
		Release|Any CPU = Release|Any CPU
	EndGlobalSection
	GlobalSection(ProjectConfigurationPlatforms) = postSolution
		{A116914A-832C-4AAD-B061-178B2158673B}.Debug|Any CPU.ActiveCfg = Debug|Any CPU
		{A116914A-832C-4AAD-B061-178B2158673B}.Debug|Any CPU.Build.0 = Debug|Any CPU
		{A116914A-832C-4AAD-B061-178B2158673B}.Release|Any CPU.ActiveCfg = Release|Any CPU
		{A116914A-832C-4AAD-B061-178B2158673B}.Release|Any CPU.Build.0 = Release|Any CPU
	EndGlobalSection
	GlobalSection(SolutionProperties) = preSolution
		HideSolutionNode = FALSE
	EndGlobalSection
	GlobalSection(ExtensibilityGlobals) = postSolution
		SolutionGuid = {D243E1DB-B0BF-4948-A78E-D3316104AAE7}
	EndGlobalSection
EndGlobal
